
Microsoft Visual Studio Solution File, Format Version 12.00
# Visual Studio 15
VisualStudioVersion = 15.0.27703.2000
MinimumVisualStudioVersion = 10.0.40219.1
Project("{FAE04EC0-301F-11D3-BF4B-00C04F79EFBC}") = "SportsStore.Domain", "SportsStore.Domain\SportsStore.Domain.csproj", "{1ACF20C7-7DE9-40F6-8B77-BD6B7CADB346}"
EndProject
Project("{FAE04EC0-301F-11D3-BF4B-00C04F79EFBC}") = "SportsStore.WebUI", "SportsStore.WebUI\SportsStore.WebUI.csproj", "{428CA31A-A1FF-4C26-891F-67A6DBA5BBB8}"
EndProject
Project("{FAE04EC0-301F-11D3-BF4B-00C04F79EFBC}") = "SportsStore.UnitTests", "SportsStore.UnitTests\SportsStore.UnitTests.csproj", "{469EA027-9EBD-418F-8FBD-7F56819064EE}"
EndProject
Global
	GlobalSection(SolutionConfigurationPlatforms) = preSolution
		Debug|Any CPU = Debug|Any CPU
		Release|Any CPU = Release|Any CPU
	EndGlobalSection
	GlobalSection(ProjectConfigurationPlatforms) = postSolution
		{1ACF20C7-7DE9-40F6-8B77-BD6B7CADB346}.Debug|Any CPU.ActiveCfg = Debug|Any CPU
		{1ACF20C7-7DE9-40F6-8B77-BD6B7CADB346}.Debug|Any CPU.Build.0 = Debug|Any CPU
		{1ACF20C7-7DE9-40F6-8B77-BD6B7CADB346}.Release|Any CPU.ActiveCfg = Release|Any CPU
		{1ACF20C7-7DE9-40F6-8B77-BD6B7CADB346}.Release|Any CPU.Build.0 = Release|Any CPU
		{428CA31A-A1FF-4C26-891F-67A6DBA5BBB8}.Debug|Any CPU.ActiveCfg = Debug|Any CPU
		{428CA31A-A1FF-4C26-891F-67A6DBA5BBB8}.Debug|Any CPU.Build.0 = Debug|Any CPU
		{428CA31A-A1FF-4C26-891F-67A6DBA5BBB8}.Release|Any CPU.ActiveCfg = Release|Any CPU
		{428CA31A-A1FF-4C26-891F-67A6DBA5BBB8}.Release|Any CPU.Build.0 = Release|Any CPU
		{469EA027-9EBD-418F-8FBD-7F56819064EE}.Debug|Any CPU.ActiveCfg = Debug|Any CPU
		{469EA027-9EBD-418F-8FBD-7F56819064EE}.Debug|Any CPU.Build.0 = Debug|Any CPU
		{469EA027-9EBD-418F-8FBD-7F56819064EE}.Release|Any CPU.ActiveCfg = Release|Any CPU
		{469EA027-9EBD-418F-8FBD-7F56819064EE}.Release|Any CPU.Build.0 = Release|Any CPU
	EndGlobalSection
	GlobalSection(SolutionProperties) = preSolution
		HideSolutionNode = FALSE
	EndGlobalSection
	GlobalSection(ExtensibilityGlobals) = postSolution
		SolutionGuid = {59801BD2-BA62-4362-83C3-A8C737FB66E9}
	EndGlobalSection
EndGlobal
